Microsoft Visual Studio Solution File, Format Version 12.00
# Visual Studio Version 16
VisualStudioVersion = 16.0.31005.135
MinimumVisualStudioVersion = 10.0.40219.1
Project("{9A19103F-16F7-4668-BE54-9A1E7A4F7556}") = "GameEngine", "GameEngine\GameEngine.csproj", "{4AFC869A-D410-4410-9BF5-7F748F4BA2E6}"
EndProject
Project("{FAE04EC0-301F-11D3-BF4B-00C04F79EFBC}") = "GameEngine.Test", "GameEngine.Test\GameEngine.Test.csproj", "{DC505A68-A320-42FE-8D4B-FFF530A83B13}"
EndProject
Project("{FAE04EC0-301F-11D3-BF4B-00C04F79EFBC}") = "GameEngineFFTest", "GameEngineFFTest\GameEngineFFTest.csproj", "{5E363224-CE0B-4535-8F9D-9DC7A41959F9}"
EndProject
Global
	GlobalSection(SolutionConfigurationPlatforms) = preSolution
		Debug|Any CPU = Debug|Any CPU
		Debug|x64 = Debug|x64
		Debug|x86 = Debug|x86
		Release|Any CPU = Release|Any CPU
		Release|x64 = Release|x64
		Release|x86 = Release|x86
	EndGlobalSection
	GlobalSection(ProjectConfigurationPlatforms) = postSolution
		{4AFC869A-D410-4410-9BF5-7F748F4BA2E6}.Debug|Any CPU.ActiveCfg = Debug|Any CPU
		{4AFC869A-D410-4410-9BF5-7F748F4BA2E6}.Debug|Any CPU.Build.0 = Debug|Any CPU
		{4AFC869A-D410-4410-9BF5-7F748F4BA2E6}.Debug|x64.ActiveCfg = Debug|Any CPU
		{4AFC869A-D410-4410-9BF5-7F748F4BA2E6}.Debug|x64.Build.0 = Debug|Any CPU
		{4AFC869A-D410-4410-9BF5-7F748F4BA2E6}.Debug|x86.ActiveCfg = Debug|Any CPU
		{4AFC869A-D410-4410-9BF5-7F748F4BA2E6}.Debug|x86.Build.0 = Debug|Any CPU
		{4AFC869A-D410-4410-9BF5-7F748F4BA2E6}.Release|Any CPU.ActiveCfg = Release|Any CPU
		{4AFC869A-D410-4410-9BF5-7F748F4BA2E6}.Release|Any CPU.Build.0 = Release|Any CPU
		{4AFC869A-D410-4410-9BF5-7F748F4BA2E6}.Release|x64.ActiveCfg = Release|Any CPU
		{4AFC869A-D410-4410-9BF5-7F748F4BA2E6}.Release|x64.Build.0 = Release|Any CPU
		{4AFC869A-D410-4410-9BF5-7F748F4BA2E6}.Release|x86.ActiveCfg = Release|Any CPU
		{4AFC869A-D410-4410-9BF5-7F748F4BA2E6}.Release|x86.Build.0 = Release|Any CPU
		{DC505A68-A320-42FE-8D4B-FFF530A83B13}.Debug|Any CPU.ActiveCfg = Debug|Any CPU
		{DC505A68-A320-42FE-8D4B-FFF530A83B13}.Debug|Any CPU.Build.0 = Debug|Any CPU
		{DC505A68-A320-42FE-8D4B-FFF530A83B13}.Debug|x64.ActiveCfg = Debug|Any CPU
		{DC505A68-A320-42FE-8D4B-FFF530A83B13}.Debug|x64.Build.0 = Debug|Any CPU
		{DC505A68-A320-42FE-8D4B-FFF530A83B13}.Debug|x86.ActiveCfg = Debug|Any CPU
		{DC505A68-A320-42FE-8D4B-FFF530A83B13}.Debug|x86.Build.0 = Debug|Any CPU
		{DC505A68-A320-42FE-8D4B-FFF530A83B13}.Release|Any CPU.ActiveCfg = Release|Any CPU
		{DC505A68-A320-42FE-8D4B-FFF530A83B13}.Release|Any CPU.Build.0 = Release|Any CPU
		{DC505A68-A320-42FE-8D4B-FFF530A83B13}.Release|x64.ActiveCfg = Release|Any CPU
		{DC505A68-A320-42FE-8D4B-FFF530A83B13}.Release|x64.Build.0 = Release|Any CPU
		{DC505A68-A320-42FE-8D4B-FFF530A83B13}.Release|x86.ActiveCfg = Release|Any CPU
		{DC505A68-A320-42FE-8D4B-FFF530A83B13}.Release|x86.Build.0 = Release|Any CPU
		{5E363224-CE0B-4535-8F9D-9DC7A41959F9}.Debug|Any CPU.ActiveCfg = Debug|Any CPU
		{5E363224-CE0B-4535-8F9D-9DC7A41959F9}.Debug|Any CPU.Build.0 = Debug|Any CPU
		{5E363224-CE0B-4535-8F9D-9DC7A41959F9}.Debug|x64.ActiveCfg = Debug|Any CPU
		{5E363224-CE0B-4535-8F9D-9DC7A41959F9}.Debug|x64.Build.0 = Debug|Any CPU
		{5E363224-CE0B-4535-8F9D-9DC7A41959F9}.Debug|x86.ActiveCfg = Debug|Any CPU
		{5E363224-CE0B-4535-8F9D-9DC7A41959F9}.Debug|x86.Build.0 = Debug|Any CPU
		{5E363224-CE0B-4535-8F9D-9DC7A41959F9}.Release|Any CPU.ActiveCfg = Release|Any CPU
		{5E363224-CE0B-4535-8F9D-9DC7A41959F9}.Release|Any CPU.Build.0 = Release|Any CPU
		{5E363224-CE0B-4535-8F9D-9DC7A41959F9}.Release|x64.ActiveCfg = Release|Any CPU
		{5E363224-CE0B-4535-8F9D-9DC7A41959F9}.Release|x64.Build.0 = Release|Any CPU
		{5E363224-CE0B-4535-8F9D-9DC7A41959F9}.Release|x86.ActiveCfg = Release|Any CPU
		{5E363224-CE0B-4535-8F9D-9DC7A41959F9}.Release|x86.Build.0 = Release|Any CPU
	EndGlobalSection
	GlobalSection(SolutionProperties) = preSolution
		HideSolutionNode = FALSE
	EndGlobalSection
	GlobalSection(ExtensibilityGlobals) = postSolution
		SolutionGuid = {6BF08405-0C2E-4790-BB44-EAFCE5831230}
	EndGlobalSection
EndGlobal
